
Microsoft Visual Studio Solution File, Format Version 12.00
# Visual Studio 2012
Project("{FAE04EC0-301F-11D3-BF4B-00C04F79EFBC}") = "Bluetooth", "Bluetooth\Bluetooth.csproj", "{EC802627-A43E-429C-867B-7C5BB0EA60F6}"
EndProject
Global
	GlobalSection(SolutionConfigurationPlatforms) = preSolution
		Debug|Any CPU = Debug|Any CPU
		Release|Any CPU = Release|Any CPU
	EndGlobalSection
	GlobalSection(ProjectConfigurationPlatforms) = postSolution
		{EC802627-A43E-429C-867B-7C5BB0EA60F6}.Debug|Any CPU.ActiveCfg = Debug|Any CPU
		{EC802627-A43E-429C-867B-7C5BB0EA60F6}.Debug|Any CPU.Build.0 = Debug|Any CPU
		{EC802627-A43E-429C-867B-7C5BB0EA60F6}.Release|Any CPU.ActiveCfg = Release|Any CPU
		{EC802627-A43E-429C-867B-7C5BB0EA60F6}.Release|Any CPU.Build.0 = Release|Any CPU
	EndGlobalSection
	GlobalSection(SolutionProperties) = preSolution
		HideSolutionNode = FALSE
	EndGlobalSection
EndGlobal
